
Microsoft Visual Studio Solution File, Format Version 12.00
# Blend for Visual Studio Version 16
VisualStudioVersion = 16.0.31515.178
MinimumVisualStudioVersion = 10.0.40219.1
Project("{9A19103F-16F7-4668-BE54-9A1E7A4F7556}") = "Pannels", "Pannels\Pannels.csproj", "{E8FDFFE5-C5F7-4016-A946-B43FCD31D3CD}"
EndProject
Global
	GlobalSection(SolutionConfigurationPlatforms) = preSolution
		Debug|Any CPU = Debug|Any CPU
		Release|Any CPU = Release|Any CPU
	EndGlobalSection
	GlobalSection(ProjectConfigurationPlatforms) = postSolution
		{E8FDFFE5-C5F7-4016-A946-B43FCD31D3CD}.Debug|Any CPU.ActiveCfg = Debug|Any CPU
		{E8FDFFE5-C5F7-4016-A946-B43FCD31D3CD}.Debug|Any CPU.Build.0 = Debug|Any CPU
		{E8FDFFE5-C5F7-4016-A946-B43FCD31D3CD}.Release|Any CPU.ActiveCfg = Release|Any CPU
		{E8FDFFE5-C5F7-4016-A946-B43FCD31D3CD}.Release|Any CPU.Build.0 = Release|Any CPU
	EndGlobalSection
	GlobalSection(SolutionProperties) = preSolution
		HideSolutionNode = FALSE
	EndGlobalSection
	GlobalSection(ExtensibilityGlobals) = postSolution
		SolutionGuid = {66FC5E96-014F-4B68-8190-F126543DE4A5}
	EndGlobalSection
EndGlobal
